// !$*UTF8*$!
{
	archiveVersion = 1;
	classes = {
	};
	objectVersion = 46;
	objects = {

/* Begin PBXBuildFile section */
		0E46782B19EFF3490074260F /* imagePicker.h in CopyFiles */ = {isa = PBXBuildFile; fileRef = 0E46782A19EFF3490074260F /* imagePicker.h */; };
		0E46782D19EFF3490074260F /* imagePicker.m in Sources */ = {isa = PBXBuildFile; fileRef = 0E46782C19EFF3490074260F /* imagePicker.m */; };
/* End PBXBuildFile section */

/* Begin PBXCopyFilesBuildPhase section */
		0E46782519EFF3490074260F /* CopyFiles */ = {
			isa = PBXCopyFilesBuildPhase;
			buildActionMask = 2147483647;
			dstPath = "include/$(PRODUCT_NAME)";
			dstSubfolderSpec = 16;
			files = (
				0E46782B19EFF3490074260F /* imagePicker.h in CopyFiles */,
			);
			runOnlyForDeploymentPostprocessing = 0;
		};
/* End PBXCopyFilesBuildPhase section */

/* Begin PBXFileReference section */
		0E46782719EFF3490074260F /* libimagePicker.a */ = {isa = PBXFileReference; explicitFileType = archive.ar; includeInIndex = 0; path = libimagePicker.a; sourceTree = BUILT_PRODUCTS_DIR; };
		0E46782A19EFF3490074260F /* imagePicker.h */ = {isa = PBXFileReference; lastKnownFileType = sourcecode.c.h; path = imagePicker.h; sourceTree = "<group>"; };
		0E46782C19EFF3490074260F /* imagePicker.m */ = {isa = PBXFileReference; lastKnownFileType = sourcecode.c.objc; path = imagePicker.m; sourceTree = "<group>"; };
		0E46783219EFF3490074260F /* imagePickerTests.xctest */ = {isa = PBXFileReference; explicitFileType = wrapper.cfbundle; includeInIndex = 0; path = imagePickerTests.xctest; sourceTree = BUILT_PRODUCTS_DIR; };
		0E46783519EFF3490074260F /* Info.plist */ = {isa = PBXFileReference; lastKnownFileType = text.plist.xml; path = Info.plist; sourceTree = "<group>"; };
/* End PBXFileReference section */

/* Begin PBXFrameworksBuildPhase section */
		0E46782419EFF3490074260F /* Frameworks */ = {
			isa = PBXFrameworksBuildPhase;
			buildActionMask = 2147483647;
			files = (
			);
			runOnlyForDeploymentPostprocessing = 0;
		};
		0E46782F19EFF3490074260F /* Frameworks */ = {
			isa = PBXFrameworksBuildPhase;
			buildActionMask = 2147483647;
			files = (
			);
			runOnlyForDeploymentPostprocessing = 0;
		};
/* End PBXFrameworksBuildPhase section */

/* Begin PBXGroup section */
		0E46781E19EFF3490074260F = {
			isa = PBXGroup;
			children = (
				0E46782919EFF3490074260F /* imagePicker */,
				0E46783319EFF3490074260F /* imagePickerTests */,
				0E46782819EFF3490074260F /* Products */,
			);
			sourceTree = "<group>";
		};
		0E46782819EFF3490074260F /* Products */ = {
			isa = PBXGroup;
			children = (
				0E46782719EFF3490074260F /* libimagePicker.a */,
				0E46783219EFF3490074260F /* imagePickerTests.xctest */,
			);
			name = Products;
			sourceTree = "<group>";
		};
		0E46782919EFF3490074260F /* imagePicker */ = {
			isa = PBXGroup;
			children = (
				0E46782A19EFF3490074260F /* imagePicker.h */,
				0E46782C19EFF3490074260F /* imagePicker.m */,
			);
			path = imagePicker;
			sourceTree = "<group>";
		};
		0E46783319EFF3490074260F /* imagePickerTests */ = {
			isa = PBXGroup;
			children = (
				0E46783419EFF3490074260F /* Supporting Files */,
			);
			path = imagePickerTests;
			sourceTree = "<group>";
		};
		0E46783419EFF3490074260F /* Supporting Files */ = {
			isa = PBXGroup;
			children = (
				0E46783519EFF3490074260F /* Info.plist */,
			);
			name = "Supporting Files";
			sourceTree = "<group>";
		};
/* End PBXGroup section */

/* Begin PBXNativeTarget section */
		0E46782619EFF3490074260F /* imagePicker */ = {
			isa = PBXNativeTarget;
			buildConfigurationList = 0E46783819EFF3490074260F /* Build configuration list for PBXNativeTarget "imagePicker" */;
			buildPhases = (
				0E46782319EFF3490074260F /* Sources */,
				0E46782419EFF3490074260F /* Frameworks */,
				0E46782519EFF3490074260F /* CopyFiles */,
			);
			buildRules = (
			);
			dependencies = (
			);
			name = imagePicker;
			productName = imagePicker;
			productReference = 0E46782719EFF3490074260F /* libimagePicker.a */;
			productType = "com.apple.product-type.library.static";
		};
		0E46783119EFF3490074260F /* imagePickerTests */ = {
			isa = PBXNativeTarget;
			buildConfigurationList = 0E46783B19EFF3490074260F /* Build configuration list for PBXNativeTarget "imagePickerTests" */;
			buildPhases = (
				0E46782E19EFF3490074260F /* Sources */,
				0E46782F19EFF3490074260F /* Frameworks */,
				0E46783019EFF3490074260F /* Resources */,
			);
			buildRules = (
			);
			dependencies = (
			);
			name = imagePickerTests;
			productName = imagePickerTests;
			productReference = 0E46783219EFF3490074260F /* imagePickerTests.xctest */;
			productType = "com.apple.product-type.bundle.unit-test";
		};
/* End PBXNativeTarget section */

/* Begin PBXProject section */
		0E46781F19EFF3490074260F /* Project object */ = {
			isa = PBXProject;
			attributes = {
				LastUpgradeCheck = 0600;
				ORGANIZATIONNAME = "Max Rozdobudko";
				TargetAttributes = {
					0E46782619EFF3490074260F = {
						CreatedOnToolsVersion = 6.0.1;
					};
					0E46783119EFF3490074260F = {
						CreatedOnToolsVersion = 6.0.1;
					};
				};
			};
			buildConfigurationList = 0E46782219EFF3490074260F /* Build configuration list for PBXProject "imagePicker" */;
			compatibilityVersion = "Xcode 3.2";
			developmentRegion = English;
			hasScannedForEncodings = 0;
			knownRegions = (
				en,
			);
			mainGroup = 0E46781E19EFF3490074260F;
			productRefGroup = 0E46782819EFF3490074260F /* Products */;
			projectDirPath = "";
			projectRoot = "";
			targets = (
				0E46782619EFF3490074260F /* imagePicker */,
				0E46783119EFF3490074260F /* imagePickerTests */,
			);
		};
/* End PBXProject section */

/* Begin PBXResourcesBuildPhase section */
		0E46783019EFF3490074260F /* Resources */ = {
			isa = PBXResourcesBuildPhase;
			buildActionMask = 2147483647;
			files = (
			);
			runOnlyForDeploymentPostprocessing = 0;
		};
/* End PBXResourcesBuildPhase section */

/* Begin PBXSourcesBuildPhase section */
		0E46782319EFF3490074260F /* Sources */ = {
			isa = PBXSourcesBuildPhase;
			buildActionMask = 2147483647;
			files = (
				0E46782D19EFF3490074260F /* imagePicker.m in Sources */,
			);
			runOnlyForDeploymentPostprocessing = 0;
		};
		0E46782E19EFF3490074260F /* Sources */ = {
			isa = PBXSourcesBuildPhase;
			buildActionMask = 2147483647;
			files = (
			);
			runOnlyForDeploymentPostprocessing = 0;
		};
/* End PBXSourcesBuildPhase section */

/* Begin XCBuildConfiguration section */
		0E46783619EFF3490074260F /* Debug */ = {
			isa = XCBuildConfiguration;
			buildSettings = {
				ALWAYS_SEARCH_USER_PATHS = NO;
				CLANG_CXX_LANGUAGE_STANDARD = "gnu++0x";
				CLANG_CXX_LIBRARY = "libc++";
				CLANG_ENABLE_MODULES = YES;
				CLANG_ENABLE_OBJC_ARC = YES;
				CLANG_WARN_BOOL_CONVERSION = YES;
				CLANG_WARN_CONSTANT_CONVERSION = YES;
				CLANG_WARN_DIRECT_OBJC_ISA_USAGE = YES_ERROR;
				CLANG_WARN_EMPTY_BODY = YES;
				CLANG_WARN_ENUM_CONVERSION = YES;
				CLANG_WARN_INT_CONVERSION = YES;
				CLANG_WARN_OBJC_ROOT_CLASS = YES_ERROR;
				CLANG_WARN_UNREACHABLE_CODE = YES;
				CLANG_WARN__DUPLICATE_METHOD_MATCH = YES;
				COPY_PHASE_STRIP = NO;
				ENABLE_STRICT_OBJC_MSGSEND = YES;
				GCC_C_LANGUAGE_STANDARD = gnu99;
				GCC_DYNAMIC_NO_PIC = NO;
				GCC_OPTIMIZATION_LEVEL = 0;
				GCC_PREPROCESSOR_DEFINITIONS = (
					"DEBUG=1",
					"$(inherited)",
				);
				GCC_SYMBOLS_PRIVATE_EXTERN = NO;
				GCC_WARN_64_TO_32_BIT_CONVERSION = YES;
				GCC_WARN_ABOUT_RETURN_TYPE = YES_ERROR;
				GCC_WARN_UNDECLARED_SELECTOR = YES;
				GCC_WARN_UNINITIALIZED_AUTOS = YES_AGGRESSIVE;
				GCC_WARN_UNUSED_FUNCTION = YES;
				GCC_WARN_UNUSED_VARIABLE = YES;
				IPHONEOS_DEPLOYMENT_TARGET = 8.0;
				MTL_ENABLE_DEBUG_INFO = YES;
				ONLY_ACTIVE_ARCH = YES;
				SDKROOT = iphoneos;
			};
			name = Debug;
		};
		0E46783719EFF3490074260F /* Release */ = {
			isa = XCBuildConfiguration;
			buildSettings = {
				ALWAYS_SEARCH_USER_PATHS = NO;
				CLANG_CXX_LANGUAGE_STANDARD = "gnu++0x";
				CLANG_CXX_LIBRARY = "libc++";
				CLANG_ENABLE_MODULES = YES;
				CLANG_ENABLE_OBJC_ARC = YES;
				CLANG_WARN_BOOL_CONVERSION = YES;
				CLANG_WARN_CONSTANT_CONVERSION = YES;
				CLANG_WARN_DIRECT_OBJC_ISA_USAGE = YES_ERROR;
				CLANG_WARN_EMPTY_BODY = YES;
				CLANG_WARN_ENUM_CONVERSION = YES;
				CLANG_WARN_INT_CONVERSION = YES;
				CLANG_WARN_OBJC_ROOT_CLASS = YES_ERROR;
				CLANG_WARN_UNREACHABLE_CODE = YES;
				CLANG_WARN__DUPLICATE_METHOD_MATCH = YES;
				COPY_PHASE_STRIP = YES;
				ENABLE_NS_ASSERTIONS = NO;
				ENABLE_STRICT_OBJC_MSGSEND = YES;
				GCC_C_LANGUAGE_STANDARD = gnu99;
				GCC_WARN_64_TO_32_BIT_CONVERSION = YES;
				GCC_WARN_ABOUT_RETURN_TYPE = YES_ERROR;
				GCC_WARN_UNDECLARED_SELECTOR = YES;
				GCC_WARN_UNINITIALIZED_AUTOS = YES_AGGRESSIVE;
				GCC_WARN_UNUSED_FUNCTION = YES;
				GCC_WARN_UNUSED_VARIABLE = YES;
				IPHONEOS_DEPLOYMENT_TARGET = 8.0;
				MTL_ENABLE_DEBUG_INFO = NO;
				SDKROOT = iphoneos;
				VALIDATE_PRODUCT = YES;
			};
			name = Release;
		};
		0E46783919EFF3490074260F /* Debug */ = {
			isa = XCBuildConfiguration;
			buildSettings = {
				OTHER_LDFLAGS = "-ObjC";
				PRODUCT_NAME = "$(TARGET_NAME)";
				SKIP_INSTALL = YES;
			};
			name = Debug;
		};
		0E46783A19EFF3490074260F /* Release */ = {
			isa = XCBuildConfiguration;
			buildSettings = {
				OTHER_LDFLAGS = "-ObjC";
				PRODUCT_NAME = "$(TARGET_NAME)";
				SKIP_INSTALL = YES;
			};
			name = Release;
		};
		0E46783C19EFF3490074260F /* Debug */ = {
			isa = XCBuildConfiguration;
			buildSettings = {
				FRAMEWORK_SEARCH_PATHS = (
					"$(SDKROOT)/Developer/Library/Frameworks",
					"$(inherited)",
				);
				GCC_PREPROCESSOR_DEFINITIONS = (
					"DEBUG=1",
					"$(inherited)",
				);
				INFOPLIST_FILE = imagePickerTests/Info.plist;
				LD_RUNPATH_SEARCH_PATHS = "$(inherited) @executable_path/Frameworks @loader_path/Frameworks";
				PRODUCT_NAME = "$(TARGET_NAME)";
			};
			name = Debug;
		};
		0E46783D19EFF3490074260F /* Release */ = {
			isa = XCBuildConfiguration;
			buildSettings = {
				FRAMEWORK_SEARCH_PATHS = (
					"$(SDKROOT)/Developer/Library/Frameworks",
					"$(inherited)",
				);
				INFOPLIST_FILE = imagePickerTests/Info.plist;
				LD_RUNPATH_SEARCH_PATHS = "$(inherited) @executable_path/Frameworks @loader_path/Frameworks";
				PRODUCT_NAME = "$(TARGET_NAME)";
			};
			name = Release;
		};
/* End XCBuildConfiguration section */

/* Begin XCConfigurationList section */
		0E46782219EFF3490074260F /* Build configuration list for PBXProject "imagePicker" */ = {
			isa = XCConfigurationList;
			buildConfigurations = (
				0E46783619EFF3490074260F /* Debug */,
				0E46783719EFF3490074260F /* Release */,
			);
			defaultConfigurationIsVisible = 0;
			defaultConfigurationName = Release;
		};
		0E46783819EFF3490074260F /* Build configuration list for PBXNativeTarget "imagePicker" */ = {
			isa = XCConfigurationList;
			buildConfigurations = (
				0E46783919EFF3490074260F /* Debug */,
				0E46783A19EFF3490074260F /* Release */,
			);
			defaultConfigurationIsVisible = 0;
		};
		0E46783B19EFF3490074260F /* Build configuration list for PBXNativeTarget "imagePickerTests" */ = {
			isa = XCConfigurationList;
			buildConfigurations = (
				0E46783C19EFF3490074260F /* Debug */,
				0E46783D19EFF3490074260F /* Release */,
			);
			defaultConfigurationIsVisible = 0;
		};
/* End XCConfigurationList section */
	};
	rootObject = 0E46781F19EFF3490074260F /* Project object */;
}
