// !$*UTF8*$!
{
	archiveVersion = 1;
	classes = {
	};
	objectVersion = 46;
	objects = {

/* Begin PBXBuildFile section */
		0E46784B19EFF3800074260F /* ANXImagePicker.h in CopyFiles */ = {isa = PBXBuildFile; fileRef = 0E46784A19EFF3800074260F /* ANXImagePicker.h */; };
		0E46784D19EFF3800074260F /* ANXImagePicker.m in Sources */ = {isa = PBXBuildFile; fileRef = 0E46784C19EFF3800074260F /* ANXImagePicker.m */; };
		0E46786019EFF3B00074260F /* ANXImagePickerFacade.m in Sources */ = {isa = PBXBuildFile; fileRef = 0E46785F19EFF3B00074260F /* ANXImagePickerFacade.m */; };
		0E46786519EFF5960074260F /* ANXImagePickerAsset.m in Sources */ = {isa = PBXBuildFile; fileRef = 0E46786419EFF5960074260F /* ANXImagePickerAsset.m */; };
		0E46786819EFF5C10074260F /* ANXImagePickerAssetInput.m in Sources */ = {isa = PBXBuildFile; fileRef = 0E46786719EFF5C10074260F /* ANXImagePickerAssetInput.m */; };
		0E46786B19EFF6C10074260F /* ANXImagePickerConversionRoutines.m in Sources */ = {isa = PBXBuildFile; fileRef = 0E46786A19EFF6C10074260F /* ANXImagePickerConversionRoutines.m */; };
		0EF74ECF19F02A85006865E9 /* libImagePicker.a in CopyFiles */ = {isa = PBXBuildFile; fileRef = 0E46784719EFF3800074260F /* libImagePicker.a */; };
		0EF74ED919F02AB0006865E9 /* main.m in Sources */ = {isa = PBXBuildFile; fileRef = 0EF74ED819F02AB0006865E9 /* main.m */; };
		0EF74EDC19F02AB0006865E9 /* AppDelegate.m in Sources */ = {isa = PBXBuildFile; fileRef = 0EF74EDB19F02AB0006865E9 /* AppDelegate.m */; };
		0EF74EDF19F02AB0006865E9 /* ViewController.m in Sources */ = {isa = PBXBuildFile; fileRef = 0EF74EDE19F02AB0006865E9 /* ViewController.m */; };
		0EF74EE219F02AB1006865E9 /* Main.storyboard in Resources */ = {isa = PBXBuildFile; fileRef = 0EF74EE019F02AB1006865E9 /* Main.storyboard */; };
		0EF74EE419F02AB1006865E9 /* Images.xcassets in Resources */ = {isa = PBXBuildFile; fileRef = 0EF74EE319F02AB1006865E9 /* Images.xcassets */; };
		0EF74EE719F02AB1006865E9 /* LaunchScreen.xib in Resources */ = {isa = PBXBuildFile; fileRef = 0EF74EE519F02AB1006865E9 /* LaunchScreen.xib */; };
		0EF74EFE19F1042D006865E9 /* CoreGraphics.framework in Frameworks */ = {isa = PBXBuildFile; fileRef = 0EF74EFD19F1042D006865E9 /* CoreGraphics.framework */; };
/* End PBXBuildFile section */

/* Begin PBXContainerItemProxy section */
		0EF74EFB19F02B2C006865E9 /* PBXContainerItemProxy */ = {
			isa = PBXContainerItemProxy;
			containerPortal = 0E46783F19EFF3800074260F /* Project object */;
			proxyType = 1;
			remoteGlobalIDString = 0E46784619EFF3800074260F;
			remoteInfo = ImagePicker;
		};
/* End PBXContainerItemProxy section */

/* Begin PBXCopyFilesBuildPhase section */
		0E46784519EFF3800074260F /* CopyFiles */ = {
			isa = PBXCopyFilesBuildPhase;
			buildActionMask = 2147483647;
			dstPath = "include/$(PRODUCT_NAME)";
			dstSubfolderSpec = 16;
			files = (
				0E46784B19EFF3800074260F /* ANXImagePicker.h in CopyFiles */,
			);
			runOnlyForDeploymentPostprocessing = 0;
		};
		0EF74ECE19F02A7B006865E9 /* CopyFiles */ = {
			isa = PBXCopyFilesBuildPhase;
			buildActionMask = 2147483647;
			dstPath = "${PROJECT_DIR}/../../build";
			dstSubfolderSpec = 0;
			files = (
				0EF74ECF19F02A85006865E9 /* libImagePicker.a in CopyFiles */,
			);
			runOnlyForDeploymentPostprocessing = 0;
		};
/* End PBXCopyFilesBuildPhase section */

/* Begin PBXFileReference section */
		0E46784719EFF3800074260F /* libImagePicker.a */ = {isa = PBXFileReference; explicitFileType = archive.ar; includeInIndex = 0; path = libImagePicker.a; sourceTree = BUILT_PRODUCTS_DIR; };
		0E46784A19EFF3800074260F /* ANXImagePicker.h */ = {isa = PBXFileReference; lastKnownFileType = sourcecode.c.h; path = ANXImagePicker.h; sourceTree = "<group>"; };
		0E46784C19EFF3800074260F /* ANXImagePicker.m */ = {isa = PBXFileReference; lastKnownFileType = sourcecode.c.objc; path = ANXImagePicker.m; sourceTree = "<group>"; };
		0E46785519EFF3800074260F /* Info.plist */ = {isa = PBXFileReference; lastKnownFileType = text.plist.xml; path = Info.plist; sourceTree = "<group>"; };
		0E46785E19EFF3B00074260F /* ANXImagePickerFacade.h */ = {isa = PBXFileReference; fileEncoding = 4; lastKnownFileType = sourcecode.c.h; path = ANXImagePickerFacade.h; sourceTree = "<group>"; };
		0E46785F19EFF3B00074260F /* ANXImagePickerFacade.m */ = {isa = PBXFileReference; fileEncoding = 4; lastKnownFileType = sourcecode.c.objc; path = ANXImagePickerFacade.m; sourceTree = "<group>"; };
		0E46786219EFF47C0074260F /* FlashRuntimeExtensions.h */ = {isa = PBXFileReference; lastKnownFileType = sourcecode.c.h; path = FlashRuntimeExtensions.h; sourceTree = "<group>"; };
		0E46786319EFF5960074260F /* ANXImagePickerAsset.h */ = {isa = PBXFileReference; fileEncoding = 4; lastKnownFileType = sourcecode.c.h; path = ANXImagePickerAsset.h; sourceTree = "<group>"; };
		0E46786419EFF5960074260F /* ANXImagePickerAsset.m */ = {isa = PBXFileReference; fileEncoding = 4; lastKnownFileType = sourcecode.c.objc; path = ANXImagePickerAsset.m; sourceTree = "<group>"; };
		0E46786619EFF5C10074260F /* ANXImagePickerAssetInput.h */ = {isa = PBXFileReference; fileEncoding = 4; lastKnownFileType = sourcecode.c.h; path = ANXImagePickerAssetInput.h; sourceTree = "<group>"; };
		0E46786719EFF5C10074260F /* ANXImagePickerAssetInput.m */ = {isa = PBXFileReference; fileEncoding = 4; lastKnownFileType = sourcecode.c.objc; path = ANXImagePickerAssetInput.m; sourceTree = "<group>"; };
		0E46786919EFF6C10074260F /* ANXImagePickerConversionRoutines.h */ = {isa = PBXFileReference; fileEncoding = 4; lastKnownFileType = sourcecode.c.h; path = ANXImagePickerConversionRoutines.h; sourceTree = "<group>"; };
		0E46786A19EFF6C10074260F /* ANXImagePickerConversionRoutines.m */ = {isa = PBXFileReference; fileEncoding = 4; lastKnownFileType = sourcecode.c.objc; path = ANXImagePickerConversionRoutines.m; sourceTree = "<group>"; };
		0EF74ED419F02AB0006865E9 /* ImagePickerDebug.app */ = {isa = PBXFileReference; explicitFileType = wrapper.application; includeInIndex = 0; path = ImagePickerDebug.app; sourceTree = BUILT_PRODUCTS_DIR; };
		0EF74ED719F02AB0006865E9 /* Info.plist */ = {isa = PBXFileReference; lastKnownFileType = text.plist.xml; path = Info.plist; sourceTree = "<group>"; };
		0EF74ED819F02AB0006865E9 /* main.m */ = {isa = PBXFileReference; lastKnownFileType = sourcecode.c.objc; path = main.m; sourceTree = "<group>"; };
		0EF74EDA19F02AB0006865E9 /* AppDelegate.h */ = {isa = PBXFileReference; lastKnownFileType = sourcecode.c.h; path = AppDelegate.h; sourceTree = "<group>"; };
		0EF74EDB19F02AB0006865E9 /* AppDelegate.m */ = {isa = PBXFileReference; lastKnownFileType = sourcecode.c.objc; path = AppDelegate.m; sourceTree = "<group>"; };
		0EF74EDD19F02AB0006865E9 /* ViewController.h */ = {isa = PBXFileReference; lastKnownFileType = sourcecode.c.h; path = ViewController.h; sourceTree = "<group>"; };
		0EF74EDE19F02AB0006865E9 /* ViewController.m */ = {isa = PBXFileReference; lastKnownFileType = sourcecode.c.objc; path = ViewController.m; sourceTree = "<group>"; };
		0EF74EE119F02AB1006865E9 /* Base */ = {isa = PBXFileReference; lastKnownFileType = file.storyboard; name = Base; path = Base.lproj/Main.storyboard; sourceTree = "<group>"; };
		0EF74EE319F02AB1006865E9 /* Images.xcassets */ = {isa = PBXFileReference; lastKnownFileType = folder.assetcatalog; path = Images.xcassets; sourceTree = "<group>"; };
		0EF74EE619F02AB1006865E9 /* Base */ = {isa = PBXFileReference; lastKnownFileType = file.xib; name = Base; path = Base.lproj/LaunchScreen.xib; sourceTree = "<group>"; };
		0EF74EF119F02AB1006865E9 /* Info.plist */ = {isa = PBXFileReference; lastKnownFileType = text.plist.xml; path = Info.plist; sourceTree = "<group>"; };
		0EF74EF219F02AB1006865E9 /* ImagePickerDebugTests.m */ = {isa = PBXFileReference; lastKnownFileType = sourcecode.c.objc; path = ImagePickerDebugTests.m; sourceTree = "<group>"; };
		0EF74EFD19F1042D006865E9 /* CoreGraphics.framework */ = {isa = PBXFileReference; lastKnownFileType = wrapper.framework; name = CoreGraphics.framework; path = System/Library/Frameworks/CoreGraphics.framework; sourceTree = SDKROOT; };
/* End PBXFileReference section */

/* Begin PBXFrameworksBuildPhase section */
		0E46784419EFF3800074260F /* Frameworks */ = {
			isa = PBXFrameworksBuildPhase;
			buildActionMask = 2147483647;
			files = (
				0EF74EFE19F1042D006865E9 /* CoreGraphics.framework in Frameworks */,
			);
			runOnlyForDeploymentPostprocessing = 0;
		};
		0EF74ED119F02AB0006865E9 /* Frameworks */ = {
			isa = PBXFrameworksBuildPhase;
			buildActionMask = 2147483647;
			files = (
			);
			runOnlyForDeploymentPostprocessing = 0;
		};
/* End PBXFrameworksBuildPhase section */

/* Begin PBXGroup section */
		0E46783E19EFF3800074260F = {
			isa = PBXGroup;
			children = (
				0EF74EFD19F1042D006865E9 /* CoreGraphics.framework */,
				0E46784919EFF3800074260F /* ImagePicker */,
				0E46785319EFF3800074260F /* ImagePickerTests */,
				0EF74ED519F02AB0006865E9 /* ImagePickerDebug */,
				0EF74EEF19F02AB1006865E9 /* ImagePickerDebugTests */,
				0E46784819EFF3800074260F /* Products */,
			);
			sourceTree = "<group>";
		};
		0E46784819EFF3800074260F /* Products */ = {
			isa = PBXGroup;
			children = (
				0E46784719EFF3800074260F /* libImagePicker.a */,
				0EF74ED419F02AB0006865E9 /* ImagePickerDebug.app */,
			);
			name = Products;
			sourceTree = "<group>";
		};
		0E46784919EFF3800074260F /* ImagePicker */ = {
			isa = PBXGroup;
			children = (
				0E46786119EFF4480074260F /* Supporting Files */,
				0E46784A19EFF3800074260F /* ANXImagePicker.h */,
				0E46784C19EFF3800074260F /* ANXImagePicker.m */,
				0E46785E19EFF3B00074260F /* ANXImagePickerFacade.h */,
				0E46785F19EFF3B00074260F /* ANXImagePickerFacade.m */,
				0E46786919EFF6C10074260F /* ANXImagePickerConversionRoutines.h */,
				0E46786A19EFF6C10074260F /* ANXImagePickerConversionRoutines.m */,
				0E46786319EFF5960074260F /* ANXImagePickerAsset.h */,
				0E46786419EFF5960074260F /* ANXImagePickerAsset.m */,
				0E46786619EFF5C10074260F /* ANXImagePickerAssetInput.h */,
				0E46786719EFF5C10074260F /* ANXImagePickerAssetInput.m */,
			);
			path = ImagePicker;
			sourceTree = "<group>";
		};
		0E46785319EFF3800074260F /* ImagePickerTests */ = {
			isa = PBXGroup;
			children = (
				0E46785419EFF3800074260F /* Supporting Files */,
			);
			path = ImagePickerTests;
			sourceTree = "<group>";
		};
		0E46785419EFF3800074260F /* Supporting Files */ = {
			isa = PBXGroup;
			children = (
				0E46785519EFF3800074260F /* Info.plist */,
			);
			name = "Supporting Files";
			sourceTree = "<group>";
		};
		0E46786119EFF4480074260F /* Supporting Files */ = {
			isa = PBXGroup;
			children = (
				0E46786219EFF47C0074260F /* FlashRuntimeExtensions.h */,
			);
			name = "Supporting Files";
			sourceTree = "<group>";
		};
		0EF74ED519F02AB0006865E9 /* ImagePickerDebug */ = {
			isa = PBXGroup;
			children = (
				0EF74EDA19F02AB0006865E9 /* AppDelegate.h */,
				0EF74EDB19F02AB0006865E9 /* AppDelegate.m */,
				0EF74EDD19F02AB0006865E9 /* ViewController.h */,
				0EF74EDE19F02AB0006865E9 /* ViewController.m */,
				0EF74EE019F02AB1006865E9 /* Main.storyboard */,
				0EF74EE319F02AB1006865E9 /* Images.xcassets */,
				0EF74EE519F02AB1006865E9 /* LaunchScreen.xib */,
				0EF74ED619F02AB0006865E9 /* Supporting Files */,
			);
			path = ImagePickerDebug;
			sourceTree = "<group>";
		};
		0EF74ED619F02AB0006865E9 /* Supporting Files */ = {
			isa = PBXGroup;
			children = (
				0EF74ED719F02AB0006865E9 /* Info.plist */,
				0EF74ED819F02AB0006865E9 /* main.m */,
			);
			name = "Supporting Files";
			sourceTree = "<group>";
		};
		0EF74EEF19F02AB1006865E9 /* ImagePickerDebugTests */ = {
			isa = PBXGroup;
			children = (
				0EF74EF219F02AB1006865E9 /* ImagePickerDebugTests.m */,
				0EF74EF019F02AB1006865E9 /* Supporting Files */,
			);
			path = ImagePickerDebugTests;
			sourceTree = "<group>";
		};
		0EF74EF019F02AB1006865E9 /* Supporting Files */ = {
			isa = PBXGroup;
			children = (
				0EF74EF119F02AB1006865E9 /* Info.plist */,
			);
			name = "Supporting Files";
			sourceTree = "<group>";
		};
/* End PBXGroup section */

/* Begin PBXNativeTarget section */
		0E46784619EFF3800074260F /* ImagePicker */ = {
			isa = PBXNativeTarget;
			buildConfigurationList = 0E46785819EFF3800074260F /* Build configuration list for PBXNativeTarget "ImagePicker" */;
			buildPhases = (
				0E46784319EFF3800074260F /* Sources */,
				0E46784419EFF3800074260F /* Frameworks */,
				0E46784519EFF3800074260F /* CopyFiles */,
				0EF74ECE19F02A7B006865E9 /* CopyFiles */,
			);
			buildRules = (
			);
			dependencies = (
			);
			name = ImagePicker;
			productName = ImagePicker;
			productReference = 0E46784719EFF3800074260F /* libImagePicker.a */;
			productType = "com.apple.product-type.library.static";
		};
		0EF74ED319F02AB0006865E9 /* ImagePickerDebug */ = {
			isa = PBXNativeTarget;
			buildConfigurationList = 0EF74EF419F02AB1006865E9 /* Build configuration list for PBXNativeTarget "ImagePickerDebug" */;
			buildPhases = (
				0EF74ED019F02AB0006865E9 /* Sources */,
				0EF74ED119F02AB0006865E9 /* Frameworks */,
				0EF74ED219F02AB0006865E9 /* Resources */,
				0EF74EFA19F02AC0006865E9 /* ShellScript */,
			);
			buildRules = (
			);
			dependencies = (
				0EF74EFC19F02B2C006865E9 /* PBXTargetDependency */,
			);
			name = ImagePickerDebug;
			productName = ImagePickerDebug;
			productReference = 0EF74ED419F02AB0006865E9 /* ImagePickerDebug.app */;
			productType = "com.apple.product-type.application";
		};
/* End PBXNativeTarget section */

/* Begin PBXProject section */
		0E46783F19EFF3800074260F /* Project object */ = {
			isa = PBXProject;
			attributes = {
				LastUpgradeCheck = 0600;
				ORGANIZATIONNAME = "Max Rozdobudko";
				TargetAttributes = {
					0E46784619EFF3800074260F = {
						CreatedOnToolsVersion = 6.0.1;
					};
					0EF74ED319F02AB0006865E9 = {
						CreatedOnToolsVersion = 6.0.1;
					};
				};
			};
			buildConfigurationList = 0E46784219EFF3800074260F /* Build configuration list for PBXProject "ImagePicker" */;
			compatibilityVersion = "Xcode 3.2";
			developmentRegion = English;
			hasScannedForEncodings = 0;
			knownRegions = (
				en,
				Base,
			);
			mainGroup = 0E46783E19EFF3800074260F;
			productRefGroup = 0E46784819EFF3800074260F /* Products */;
			projectDirPath = "";
			projectRoot = "";
			targets = (
				0E46784619EFF3800074260F /* ImagePicker */,
				0EF74ED319F02AB0006865E9 /* ImagePickerDebug */,
			);
		};
/* End PBXProject section */

/* Begin PBXResourcesBuildPhase section */
		0EF74ED219F02AB0006865E9 /* Resources */ = {
			isa = PBXResourcesBuildPhase;
			buildActionMask = 2147483647;
			files = (
				0EF74EE219F02AB1006865E9 /* Main.storyboard in Resources */,
				0EF74EE719F02AB1006865E9 /* LaunchScreen.xib in Resources */,
				0EF74EE419F02AB1006865E9 /* Images.xcassets in Resources */,
			);
			runOnlyForDeploymentPostprocessing = 0;
		};
/* End PBXResourcesBuildPhase section */

/* Begin PBXShellScriptBuildPhase section */
		0EF74EFA19F02AC0006865E9 /* ShellScript */ = {
			isa = PBXShellScriptBuildPhase;
			buildActionMask = 2147483647;
			files = (
			);
			inputPaths = (
			);
			outputPaths = (
			);
			runOnlyForDeploymentPostprocessing = 0;
			shellPath = /bin/sh;
			shellScript = "#!/bin/sh\n\nsource ~/.profile\n\nPATH=${PATH}:~/sdks/air/15.0.0.249/bin\n\necho \"Please provide the complete path of the IPA before building this target\"\n#PATH_TO_IPA=`~/dev/airext/image-picker/image-picker-ios/NativeImagePicker/ImagePickerDebug.ipa`\n\nBUILD_DIR=~/dev/airext/image-picker/build/\nANE_NAME=\"ImagePicker.ane\"\n\n#IPA_DIR=`/usr/bin/dirname \"$PATH_TO_IPA\"`\nIPA_DIR=~/dev/airext/image-picker/build/launch/\n#IPA_NAME=`/usr/bin/basename \"$PATH_TO_IPA\"`\nIPA_NAME=\"ImagePickerDebug.ipa\"\n#IPA_BASE_NAME=`/usr/bin/basename \"$PATH_TO_IPA\" .ipa`\nIPA_BASE_NAME=\"ImagePickerDebug\"\n\n#package ImagePicker.ane\n\npushd \"$BUILD_DIR\"\n\necho \"packaging s-picker.ane extension...\"\n\nsh build.sh\n\necho \"image-picker.ane packaged.\"\n\necho \"packaging ImagePickerDebug.ipa application...\"\n\nsh debug.sh\n\necho \"ImagePickerDebug.ipa packaged.\"\n\npopd\n\n#debug ImagePickerDebug.ipa\n\necho start\necho \"$IPA_DIR\"\necho $IPA_NAME\necho $IPA_BASE_NAME\n\n# change to the proper directory\npushd \"$IPA_DIR\"\n\n# extract the IPA\ncp \"$IPA_NAME\" \"$IPA_NAME\".zip\nunzip -o \"$IPA_NAME\".zip\nrm \"$IPA_NAME\".zip\n\n# copy the contents of the IPA to the location xcode wants\ncp -r Payload/\"$IPA_BASE_NAME\".app/ \"${CONFIGURATION_BUILD_DIR}/${CONTENTS_FOLDER_PATH}/\"\ncp -r \"$IPA_BASE_NAME\".app.dSYM \"${CONFIGURATION_BUILD_DIR}/${CONTENTS_FOLDER_PATH}/\"\n\n# remove the following files and folders to avoid signature errors when installing the app\nrm \"${CONFIGURATION_BUILD_DIR}/${CONTENTS_FOLDER_PATH}/_CodeSignature/CodeResources\"\nrm \"${CONFIGURATION_BUILD_DIR}/${CONTENTS_FOLDER_PATH}/_CodeSignature\"\nrm \"${CONFIGURATION_BUILD_DIR}/${CONTENTS_FOLDER_PATH}/CodeResources\"\nrm \"${CONFIGURATION_BUILD_DIR}/${CONTENTS_FOLDER_PATH}/PkgInfo\" #2>/dev/null\n\n\n# restore working directory\npopd";
		};
/* End PBXShellScriptBuildPhase section */

/* Begin PBXSourcesBuildPhase section */
		0E46784319EFF3800074260F /* Sources */ = {
			isa = PBXSourcesBuildPhase;
			buildActionMask = 2147483647;
			files = (
				0E46786519EFF5960074260F /* ANXImagePickerAsset.m in Sources */,
				0E46786819EFF5C10074260F /* ANXImagePickerAssetInput.m in Sources */,
				0E46784D19EFF3800074260F /* ANXImagePicker.m in Sources */,
				0E46786019EFF3B00074260F /* ANXImagePickerFacade.m in Sources */,
				0E46786B19EFF6C10074260F /* ANXImagePickerConversionRoutines.m in Sources */,
			);
			runOnlyForDeploymentPostprocessing = 0;
		};
		0EF74ED019F02AB0006865E9 /* Sources */ = {
			isa = PBXSourcesBuildPhase;
			buildActionMask = 2147483647;
			files = (
				0EF74EDF19F02AB0006865E9 /* ViewController.m in Sources */,
				0EF74EDC19F02AB0006865E9 /* AppDelegate.m in Sources */,
				0EF74ED919F02AB0006865E9 /* main.m in Sources */,
			);
			runOnlyForDeploymentPostprocessing = 0;
		};
/* End PBXSourcesBuildPhase section */

/* Begin PBXTargetDependency section */
		0EF74EFC19F02B2C006865E9 /* PBXTargetDependency */ = {
			isa = PBXTargetDependency;
			target = 0E46784619EFF3800074260F /* ImagePicker */;
			targetProxy = 0EF74EFB19F02B2C006865E9 /* PBXContainerItemProxy */;
		};
/* End PBXTargetDependency section */

/* Begin PBXVariantGroup section */
		0EF74EE019F02AB1006865E9 /* Main.storyboard */ = {
			isa = PBXVariantGroup;
			children = (
				0EF74EE119F02AB1006865E9 /* Base */,
			);
			name = Main.storyboard;
			sourceTree = "<group>";
		};
		0EF74EE519F02AB1006865E9 /* LaunchScreen.xib */ = {
			isa = PBXVariantGroup;
			children = (
				0EF74EE619F02AB1006865E9 /* Base */,
			);
			name = LaunchScreen.xib;
			sourceTree = "<group>";
		};
/* End PBXVariantGroup section */

/* Begin XCBuildConfiguration section */
		0E46785619EFF3800074260F /* Debug */ = {
			isa = XCBuildConfiguration;
			buildSettings = {
				ALWAYS_SEARCH_USER_PATHS = NO;
				CLANG_CXX_LANGUAGE_STANDARD = "gnu++0x";
				CLANG_CXX_LIBRARY = "libc++";
				CLANG_ENABLE_MODULES = YES;
				CLANG_ENABLE_OBJC_ARC = YES;
				CLANG_WARN_BOOL_CONVERSION = YES;
				CLANG_WARN_CONSTANT_CONVERSION = YES;
				CLANG_WARN_DIRECT_OBJC_ISA_USAGE = YES_ERROR;
				CLANG_WARN_EMPTY_BODY = YES;
				CLANG_WARN_ENUM_CONVERSION = YES;
				CLANG_WARN_INT_CONVERSION = YES;
				CLANG_WARN_OBJC_ROOT_CLASS = YES_ERROR;
				CLANG_WARN_UNREACHABLE_CODE = YES;
				CLANG_WARN__DUPLICATE_METHOD_MATCH = YES;
				COPY_PHASE_STRIP = NO;
				ENABLE_STRICT_OBJC_MSGSEND = YES;
				GCC_C_LANGUAGE_STANDARD = gnu99;
				GCC_DYNAMIC_NO_PIC = NO;
				GCC_OPTIMIZATION_LEVEL = 0;
				GCC_PREPROCESSOR_DEFINITIONS = (
					"DEBUG=1",
					"$(inherited)",
				);
				GCC_SYMBOLS_PRIVATE_EXTERN = NO;
				GCC_WARN_64_TO_32_BIT_CONVERSION = YES;
				GCC_WARN_ABOUT_RETURN_TYPE = YES_ERROR;
				GCC_WARN_UNDECLARED_SELECTOR = YES;
				GCC_WARN_UNINITIALIZED_AUTOS = YES_AGGRESSIVE;
				GCC_WARN_UNUSED_FUNCTION = YES;
				GCC_WARN_UNUSED_VARIABLE = YES;
				IPHONEOS_DEPLOYMENT_TARGET = 6.0;
				MTL_ENABLE_DEBUG_INFO = YES;
				ONLY_ACTIVE_ARCH = YES;
				SDKROOT = iphoneos;
			};
			name = Debug;
		};
		0E46785719EFF3800074260F /* Release */ = {
			isa = XCBuildConfiguration;
			buildSettings = {
				ALWAYS_SEARCH_USER_PATHS = NO;
				CLANG_CXX_LANGUAGE_STANDARD = "gnu++0x";
				CLANG_CXX_LIBRARY = "libc++";
				CLANG_ENABLE_MODULES = YES;
				CLANG_ENABLE_OBJC_ARC = YES;
				CLANG_WARN_BOOL_CONVERSION = YES;
				CLANG_WARN_CONSTANT_CONVERSION = YES;
				CLANG_WARN_DIRECT_OBJC_ISA_USAGE = YES_ERROR;
				CLANG_WARN_EMPTY_BODY = YES;
				CLANG_WARN_ENUM_CONVERSION = YES;
				CLANG_WARN_INT_CONVERSION = YES;
				CLANG_WARN_OBJC_ROOT_CLASS = YES_ERROR;
				CLANG_WARN_UNREACHABLE_CODE = YES;
				CLANG_WARN__DUPLICATE_METHOD_MATCH = YES;
				COPY_PHASE_STRIP = YES;
				ENABLE_NS_ASSERTIONS = NO;
				ENABLE_STRICT_OBJC_MSGSEND = YES;
				GCC_C_LANGUAGE_STANDARD = gnu99;
				GCC_WARN_64_TO_32_BIT_CONVERSION = YES;
				GCC_WARN_ABOUT_RETURN_TYPE = YES_ERROR;
				GCC_WARN_UNDECLARED_SELECTOR = YES;
				GCC_WARN_UNINITIALIZED_AUTOS = YES_AGGRESSIVE;
				GCC_WARN_UNUSED_FUNCTION = YES;
				GCC_WARN_UNUSED_VARIABLE = YES;
				IPHONEOS_DEPLOYMENT_TARGET = 6.0;
				MTL_ENABLE_DEBUG_INFO = NO;
				SDKROOT = iphoneos;
				VALIDATE_PRODUCT = YES;
			};
			name = Release;
		};
		0E46785919EFF3800074260F /* Debug */ = {
			isa = XCBuildConfiguration;
			buildSettings = {
				OTHER_LDFLAGS = "-ObjC";
				PRODUCT_NAME = "$(TARGET_NAME)";
				SKIP_INSTALL = YES;
			};
			name = Debug;
		};
		0E46785A19EFF3800074260F /* Release */ = {
			isa = XCBuildConfiguration;
			buildSettings = {
				OTHER_LDFLAGS = "-ObjC";
				PRODUCT_NAME = "$(TARGET_NAME)";
				SKIP_INSTALL = YES;
			};
			name = Release;
		};
		0EF74EF519F02AB1006865E9 /* Debug */ = {
			isa = XCBuildConfiguration;
			buildSettings = {
				ASSETCATALOG_COMPILER_APPICON_NAME = AppIcon;
				"CODE_SIGN_IDENTITY[sdk=iphoneos*]" = "iPhone Developer";
				GCC_PREPROCESSOR_DEFINITIONS = (
					"DEBUG=1",
					"$(inherited)",
				);
				INFOPLIST_FILE = ImagePickerDebug/Info.plist;
				IPHONEOS_DEPLOYMENT_TARGET = 6.0;
				LD_RUNPATH_SEARCH_PATHS = "$(inherited) @executable_path/Frameworks";
				PRODUCT_NAME = "$(TARGET_NAME)";
				TARGETED_DEVICE_FAMILY = "1,2";
			};
			name = Debug;
		};
		0EF74EF619F02AB1006865E9 /* Release */ = {
			isa = XCBuildConfiguration;
			buildSettings = {
				ASSETCATALOG_COMPILER_APPICON_NAME = AppIcon;
				"CODE_SIGN_IDENTITY[sdk=iphoneos*]" = "iPhone Developer";
				INFOPLIST_FILE = ImagePickerDebug/Info.plist;
				IPHONEOS_DEPLOYMENT_TARGET = 6.0;
				LD_RUNPATH_SEARCH_PATHS = "$(inherited) @executable_path/Frameworks";
				PRODUCT_NAME = "$(TARGET_NAME)";
				TARGETED_DEVICE_FAMILY = "1,2";
			};
			name = Release;
		};
/* End XCBuildConfiguration section */

/* Begin XCConfigurationList section */
		0E46784219EFF3800074260F /* Build configuration list for PBXProject "ImagePicker" */ = {
			isa = XCConfigurationList;
			buildConfigurations = (
				0E46785619EFF3800074260F /* Debug */,
				0E46785719EFF3800074260F /* Release */,
			);
			defaultConfigurationIsVisible = 0;
			defaultConfigurationName = Release;
		};
		0E46785819EFF3800074260F /* Build configuration list for PBXNativeTarget "ImagePicker" */ = {
			isa = XCConfigurationList;
			buildConfigurations = (
				0E46785919EFF3800074260F /* Debug */,
				0E46785A19EFF3800074260F /* Release */,
			);
			defaultConfigurationIsVisible = 0;
			defaultConfigurationName = Release;
		};
		0EF74EF419F02AB1006865E9 /* Build configuration list for PBXNativeTarget "ImagePickerDebug" */ = {
			isa = XCConfigurationList;
			buildConfigurations = (
				0EF74EF519F02AB1006865E9 /* Debug */,
				0EF74EF619F02AB1006865E9 /* Release */,
			);
			defaultConfigurationIsVisible = 0;
		};
/* End XCConfigurationList section */
	};
	rootObject = 0E46783F19EFF3800074260F /* Project object */;
}
